
Microsoft Visual Studio Solution File, Format Version 12.00
# Visual Studio Version 17
VisualStudioVersion = 17.9.34321.82
MinimumVisualStudioVersion = 10.0.40219.1
Project("{2150E333-8FDC-42A3-9474-1A3956D46DE8}") = "src", "src", "{B04A90CF-EF82-4BBB-BF2A-FD2873865A41}"
EndProject
Project("{2150E333-8FDC-42A3-9474-1A3956D46DE8}") = "solution items", "solution items", "{63BD493C-603C-4263-A4D9-0F9E819D5486}"
	ProjectSection(SolutionItems) = preProject
		Directory.Build.props = Directory.Build.props
		README.md = README.md
	EndProjectSection
EndProject
Project("{2150E333-8FDC-42A3-9474-1A3956D46DE8}") = "framework", "framework", "{88CBC1F1-EB76-4961-9B85-6FDC7FA3D767}"
EndProject
Project("{9A19103F-16F7-4668-BE54-9A1E7A4F7556}") = "CoreFlex.Module", "src\framework\CoreFlex.Module\CoreFlex.Module.csproj", "{F9B03999-5F69-4AD1-A156-C306717D5B6D}"
EndProject
Project("{2150E333-8FDC-42A3-9474-1A3956D46DE8}") = "test", "test", "{647331AF-B8A2-410C-9844-3A13DBCC5AFC}"
EndProject
Project("{9A19103F-16F7-4668-BE54-9A1E7A4F7556}") = "CoreFlex.Event", "src\framework\CoreFlex.Event\CoreFlex.Event.csproj", "{35950389-71F4-47AB-9160-7D8125EA9A94}"
EndProject
Project("{2150E333-8FDC-42A3-9474-1A3956D46DE8}") = "examples", "examples", "{1F088F47-CF56-4F89-8F83-BE8F870D044A}"
EndProject
Project("{9A19103F-16F7-4668-BE54-9A1E7A4F7556}") = "CoreFlex.Razor.JsInterop", "src\framework\CoreFlex.Razor.JsInterop\CoreFlex.Razor.JsInterop.csproj", "{D4A8FF6D-E579-4F1C-BF84-ADB0B9D8336E}"
EndProject
Project("{9A19103F-16F7-4668-BE54-9A1E7A4F7556}") = "CoreFlex.Jwt", "src\framework\CoreFlex.Jwt\CoreFlex.Jwt.csproj", "{E23438A5-19AA-4AC2-9B2D-56A063FACC7B}"
EndProject
Global
	GlobalSection(SolutionConfigurationPlatforms) = preSolution
		Debug|Any CPU = Debug|Any CPU
		Release|Any CPU = Release|Any CPU
	EndGlobalSection
	GlobalSection(ProjectConfigurationPlatforms) = postSolution
		{F9B03999-5F69-4AD1-A156-C306717D5B6D}.Debug|Any CPU.ActiveCfg = Debug|Any CPU
		{F9B03999-5F69-4AD1-A156-C306717D5B6D}.Debug|Any CPU.Build.0 = Debug|Any CPU
		{F9B03999-5F69-4AD1-A156-C306717D5B6D}.Release|Any CPU.ActiveCfg = Release|Any CPU
		{F9B03999-5F69-4AD1-A156-C306717D5B6D}.Release|Any CPU.Build.0 = Release|Any CPU
		{35950389-71F4-47AB-9160-7D8125EA9A94}.Debug|Any CPU.ActiveCfg = Debug|Any CPU
		{35950389-71F4-47AB-9160-7D8125EA9A94}.Debug|Any CPU.Build.0 = Debug|Any CPU
		{35950389-71F4-47AB-9160-7D8125EA9A94}.Release|Any CPU.ActiveCfg = Release|Any CPU
		{35950389-71F4-47AB-9160-7D8125EA9A94}.Release|Any CPU.Build.0 = Release|Any CPU
		{D4A8FF6D-E579-4F1C-BF84-ADB0B9D8336E}.Debug|Any CPU.ActiveCfg = Debug|Any CPU
		{D4A8FF6D-E579-4F1C-BF84-ADB0B9D8336E}.Debug|Any CPU.Build.0 = Debug|Any CPU
		{D4A8FF6D-E579-4F1C-BF84-ADB0B9D8336E}.Release|Any CPU.ActiveCfg = Release|Any CPU
		{D4A8FF6D-E579-4F1C-BF84-ADB0B9D8336E}.Release|Any CPU.Build.0 = Release|Any CPU
		{E23438A5-19AA-4AC2-9B2D-56A063FACC7B}.Debug|Any CPU.ActiveCfg = Debug|Any CPU
		{E23438A5-19AA-4AC2-9B2D-56A063FACC7B}.Debug|Any CPU.Build.0 = Debug|Any CPU
		{E23438A5-19AA-4AC2-9B2D-56A063FACC7B}.Release|Any CPU.ActiveCfg = Release|Any CPU
		{E23438A5-19AA-4AC2-9B2D-56A063FACC7B}.Release|Any CPU.Build.0 = Release|Any CPU
	EndGlobalSection
	GlobalSection(SolutionProperties) = preSolution
		HideSolutionNode = FALSE
	EndGlobalSection
	GlobalSection(NestedProjects) = preSolution
		{88CBC1F1-EB76-4961-9B85-6FDC7FA3D767} = {B04A90CF-EF82-4BBB-BF2A-FD2873865A41}
		{F9B03999-5F69-4AD1-A156-C306717D5B6D} = {88CBC1F1-EB76-4961-9B85-6FDC7FA3D767}
		{35950389-71F4-47AB-9160-7D8125EA9A94} = {88CBC1F1-EB76-4961-9B85-6FDC7FA3D767}
		{1F088F47-CF56-4F89-8F83-BE8F870D044A} = {B04A90CF-EF82-4BBB-BF2A-FD2873865A41}
		{D4A8FF6D-E579-4F1C-BF84-ADB0B9D8336E} = {88CBC1F1-EB76-4961-9B85-6FDC7FA3D767}
		{E23438A5-19AA-4AC2-9B2D-56A063FACC7B} = {88CBC1F1-EB76-4961-9B85-6FDC7FA3D767}
	EndGlobalSection
	GlobalSection(ExtensibilityGlobals) = postSolution
		SolutionGuid = {EAFC3F01-3943-402B-B0B0-C0620CC97472}
	EndGlobalSection
EndGlobal
