
Microsoft Visual Studio Solution File, Format Version 12.00
# Visual Studio Version 17
VisualStudioVersion = 17.5.002.0
MinimumVisualStudioVersion = 10.0.40219.1
Project("{9A19103F-16F7-4668-BE54-9A1E7A4F7556}") = "CoreFlex.Chat.Contract", "CoreFlex.Chat.Contract\CoreFlex.Chat.Contract.csproj", "{99D067A7-6760-44C3-8B93-6BA212314FA0}"
EndProject
Project("{9A19103F-16F7-4668-BE54-9A1E7A4F7556}") = "CoreFlex.Chat.Rcl", "CoreFlex.Chat.Rcl\CoreFlex.Chat.Rcl.csproj", "{374C60DD-45A1-4295-9206-6501F444E7FF}"
EndProject
Project("{2150E333-8FDC-42A3-9474-1A3956D46DE8}") = "CoreFlex.Chat.Server", "CoreFlex.Chat.Server", "{99247AAA-40F6-4343-8958-17C83B5DADE3}"
EndProject
Project("{9A19103F-16F7-4668-BE54-9A1E7A4F7556}") = "CoreFlex.Chat.Server", "CoreFlex.Chat.Server\CoreFlex.Chat.Server\CoreFlex.Chat.Server.csproj", "{C79AC880-77BC-4C8C-B0BA-D075B6FC899C}"
EndProject
Global
	GlobalSection(SolutionConfigurationPlatforms) = preSolution
		Debug|Any CPU = Debug|Any CPU
		Release|Any CPU = Release|Any CPU
	EndGlobalSection
	GlobalSection(ProjectConfigurationPlatforms) = postSolution
		{99D067A7-6760-44C3-8B93-6BA212314FA0}.Debug|Any CPU.ActiveCfg = Debug|Any CPU
		{99D067A7-6760-44C3-8B93-6BA212314FA0}.Debug|Any CPU.Build.0 = Debug|Any CPU
		{99D067A7-6760-44C3-8B93-6BA212314FA0}.Release|Any CPU.ActiveCfg = Release|Any CPU
		{99D067A7-6760-44C3-8B93-6BA212314FA0}.Release|Any CPU.Build.0 = Release|Any CPU
		{374C60DD-45A1-4295-9206-6501F444E7FF}.Debug|Any CPU.ActiveCfg = Debug|Any CPU
		{374C60DD-45A1-4295-9206-6501F444E7FF}.Debug|Any CPU.Build.0 = Debug|Any CPU
		{374C60DD-45A1-4295-9206-6501F444E7FF}.Release|Any CPU.ActiveCfg = Release|Any CPU
		{374C60DD-45A1-4295-9206-6501F444E7FF}.Release|Any CPU.Build.0 = Release|Any CPU
		{C79AC880-77BC-4C8C-B0BA-D075B6FC899C}.Debug|Any CPU.ActiveCfg = Debug|Any CPU
		{C79AC880-77BC-4C8C-B0BA-D075B6FC899C}.Debug|Any CPU.Build.0 = Debug|Any CPU
		{C79AC880-77BC-4C8C-B0BA-D075B6FC899C}.Release|Any CPU.ActiveCfg = Release|Any CPU
		{C79AC880-77BC-4C8C-B0BA-D075B6FC899C}.Release|Any CPU.Build.0 = Release|Any CPU
	EndGlobalSection
	GlobalSection(SolutionProperties) = preSolution
		HideSolutionNode = FALSE
	EndGlobalSection
	GlobalSection(NestedProjects) = preSolution
		{C79AC880-77BC-4C8C-B0BA-D075B6FC899C} = {99247AAA-40F6-4343-8958-17C83B5DADE3}
	EndGlobalSection
	GlobalSection(ExtensibilityGlobals) = postSolution
		SolutionGuid = {84E32D71-0F9B-4757-AA84-C7AF6DB280BF}
	EndGlobalSection
EndGlobal
